
Microsoft Visual Studio Solution File, Format Version 12.00
# Visual Studio Version 17
VisualStudioVersion = 17.3.32922.545
MinimumVisualStudioVersion = 10.0.40219.1
Project("{FAE04EC0-301F-11D3-BF4B-00C04F79EFBC}") = "EjercicioSingleton", "EjercicioSingleton\EjercicioSingleton.csproj", "{D5EA32DB-89AE-42ED-A389-30516366ABEA}"
EndProject
Global
	GlobalSection(SolutionConfigurationPlatforms) = preSolution
		Debug|Any CPU = Debug|Any CPU
		Release|Any CPU = Release|Any CPU
	EndGlobalSection
	GlobalSection(ProjectConfigurationPlatforms) = postSolution
		{D5EA32DB-89AE-42ED-A389-30516366ABEA}.Debug|Any CPU.ActiveCfg = Debug|Any CPU
		{D5EA32DB-89AE-42ED-A389-30516366ABEA}.Debug|Any CPU.Build.0 = Debug|Any CPU
		{D5EA32DB-89AE-42ED-A389-30516366ABEA}.Release|Any CPU.ActiveCfg = Release|Any CPU
		{D5EA32DB-89AE-42ED-A389-30516366ABEA}.Release|Any CPU.Build.0 = Release|Any CPU
	EndGlobalSection
	GlobalSection(SolutionProperties) = preSolution
		HideSolutionNode = FALSE
	EndGlobalSection
	GlobalSection(ExtensibilityGlobals) = postSolution
		SolutionGuid = {3310478E-5799-4187-9F40-7BE80E86A339}
	EndGlobalSection
EndGlobal
